// !$*UTF8*$!
{
	archiveVersion = 1;
	classes = {
	};
	objectVersion = 56;
	objects = {

/* Begin PBXBuildFile section */
		F15DBB102ACC51050015FEF2 /* nano4App.swift in Sources */ = {isa = PBXBuildFile; fileRef = F15DBB0F2ACC51050015FEF2 /* nano4App.swift */; };
		F15DBB122ACC51050015FEF2 /* ContentView.swift in Sources */ = {isa = PBXBuildFile; fileRef = F15DBB112ACC51050015FEF2 /* ContentView.swift */; };
		F15DBB142ACC51060015FEF2 /* Assets.xcassets in Resources */ = {isa = PBXBuildFile; fileRef = F15DBB132ACC51060015FEF2 /* Assets.xcassets */; };
		F15DBB172ACC51060015FEF2 /* Preview Assets.xcassets in Resources */ = {isa = PBXBuildFile; fileRef = F15DBB162ACC51060015FEF2 /* Preview Assets.xcassets */; };
		F15DBB1F2ACC53390015FEF2 /* WorkView.swift in Sources */ = {isa = PBXBuildFile; fileRef = F15DBB1E2ACC53390015FEF2 /* WorkView.swift */; };
		F15DBB212ACC53430015FEF2 /* RestView.swift in Sources */ = {isa = PBXBuildFile; fileRef = F15DBB202ACC53430015FEF2 /* RestView.swift */; };
		F15DBB242ACC53630015FEF2 /* WorkModel.swift in Sources */ = {isa = PBXBuildFile; fileRef = F15DBB232ACC53630015FEF2 /* WorkModel.swift */; };
		F18572042ACE071A00A61C2A /* RestModel.swift in Sources */ = {isa = PBXBuildFile; fileRef = F18572032ACE071A00A61C2A /* RestModel.swift */; };
		F18572092ACF937B00A61C2A /* VerTempoWork.swift in Sources */ = {isa = PBXBuildFile; fileRef = F18572082ACF937B00A61C2A /* VerTempoWork.swift */; };
		F185720B2ACF971900A61C2A /* VerTempoRest.swift in Sources */ = {isa = PBXBuildFile; fileRef = F185720A2ACF971900A61C2A /* VerTempoRest.swift */; };
/* End PBXBuildFile section */

/* Begin PBXFileReference section */
		F15DBB0C2ACC51050015FEF2 /* Pomodorinho.app */ = {isa = PBXFileReference; explicitFileType = wrapper.application; includeInIndex = 0; path = Pomodorinho.app; sourceTree = BUILT_PRODUCTS_DIR; };
		F15DBB0F2ACC51050015FEF2 /* nano4App.swift */ = {isa = PBXFileReference; lastKnownFileType = sourcecode.swift; path = nano4App.swift; sourceTree = "<group>"; };
		F15DBB112ACC51050015FEF2 /* ContentView.swift */ = {isa = PBXFileReference; lastKnownFileType = sourcecode.swift; path = ContentView.swift; sourceTree = "<group>"; };
		F15DBB132ACC51060015FEF2 /* Assets.xcassets */ = {isa = PBXFileReference; lastKnownFileType = folder.assetcatalog; path = Assets.xcassets; sourceTree = "<group>"; };
		F15DBB162ACC51060015FEF2 /* Preview Assets.xcassets */ = {isa = PBXFileReference; lastKnownFileType = folder.assetcatalog; path = "Preview Assets.xcassets"; sourceTree = "<group>"; };
		F15DBB1E2ACC53390015FEF2 /* WorkView.swift */ = {isa = PBXFileReference; lastKnownFileType = sourcecode.swift; path = WorkView.swift; sourceTree = "<group>"; };
		F15DBB202ACC53430015FEF2 /* RestView.swift */ = {isa = PBXFileReference; lastKnownFileType = sourcecode.swift; path = RestView.swift; sourceTree = "<group>"; };
		F15DBB232ACC53630015FEF2 /* WorkModel.swift */ = {isa = PBXFileReference; lastKnownFileType = sourcecode.swift; path = WorkModel.swift; sourceTree = "<group>"; };
		F18572032ACE071A00A61C2A /* RestModel.swift */ = {isa = PBXFileReference; lastKnownFileType = sourcecode.swift; path = RestModel.swift; sourceTree = "<group>"; };
		F18572082ACF937B00A61C2A /* VerTempoWork.swift */ = {isa = PBXFileReference; lastKnownFileType = sourcecode.swift; path = VerTempoWork.swift; sourceTree = "<group>"; };
		F185720A2ACF971900A61C2A /* VerTempoRest.swift */ = {isa = PBXFileReference; lastKnownFileType = sourcecode.swift; path = VerTempoRest.swift; sourceTree = "<group>"; };
/* End PBXFileReference section */

/* Begin PBXFrameworksBuildPhase section */
		F15DBB092ACC51050015FEF2 /* Frameworks */ = {
			isa = PBXFrameworksBuildPhase;
			buildActionMask = 2147483647;
			files = (
			);
			runOnlyForDeploymentPostprocessing = 0;
		};
/* End PBXFrameworksBuildPhase section */

/* Begin PBXGroup section */
		F15DBB032ACC51050015FEF2 = {
			isa = PBXGroup;
			children = (
				F15DBB0E2ACC51050015FEF2 /* nano4 */,
				F15DBB0D2ACC51050015FEF2 /* Products */,
			);
			sourceTree = "<group>";
		};
		F15DBB0D2ACC51050015FEF2 /* Products */ = {
			isa = PBXGroup;
			children = (
				F15DBB0C2ACC51050015FEF2 /* Pomodorinho.app */,
			);
			name = Products;
			sourceTree = "<group>";
		};
		F15DBB0E2ACC51050015FEF2 /* nano4 */ = {
			isa = PBXGroup;
			children = (
				F15DBB0F2ACC51050015FEF2 /* nano4App.swift */,
				F15DBB112ACC51050015FEF2 /* ContentView.swift */,
				F15DBB1D2ACC53150015FEF2 /* Views */,
				F18572052ACF8B3100A61C2A /* Models */,
				F15DBB132ACC51060015FEF2 /* Assets.xcassets */,
				F15DBB152ACC51060015FEF2 /* Preview Content */,
			);
			path = nano4;
			sourceTree = "<group>";
		};
		F15DBB152ACC51060015FEF2 /* Preview Content */ = {
			isa = PBXGroup;
			children = (
				F15DBB162ACC51060015FEF2 /* Preview Assets.xcassets */,
			);
			path = "Preview Content";
			sourceTree = "<group>";
		};
		F15DBB1D2ACC53150015FEF2 /* Views */ = {
			isa = PBXGroup;
			children = (
				F15DBB1E2ACC53390015FEF2 /* WorkView.swift */,
				F15DBB202ACC53430015FEF2 /* RestView.swift */,
				F18572082ACF937B00A61C2A /* VerTempoWork.swift */,
				F185720A2ACF971900A61C2A /* VerTempoRest.swift */,
			);
			path = Views;
			sourceTree = "<group>";
		};
		F18572052ACF8B3100A61C2A /* Models */ = {
			isa = PBXGroup;
			children = (
				F15DBB232ACC53630015FEF2 /* WorkModel.swift */,
				F18572032ACE071A00A61C2A /* RestModel.swift */,
			);
			path = Models;
			sourceTree = "<group>";
		};
/* End PBXGroup section */

/* Begin PBXNativeTarget section */
		F15DBB0B2ACC51050015FEF2 /* Pomodorinho */ = {
			isa = PBXNativeTarget;
			buildConfigurationList = F15DBB1A2ACC51060015FEF2 /* Build configuration list for PBXNativeTarget "Pomodorinho" */;
			buildPhases = (
				F15DBB082ACC51050015FEF2 /* Sources */,
				F15DBB092ACC51050015FEF2 /* Frameworks */,
				F15DBB0A2ACC51050015FEF2 /* Resources */,
			);
			buildRules = (
			);
			dependencies = (
			);
			name = Pomodorinho;
			productName = nano4;
			productReference = F15DBB0C2ACC51050015FEF2 /* Pomodorinho.app */;
			productType = "com.apple.product-type.application";
		};
/* End PBXNativeTarget section */

/* Begin PBXProject section */
		F15DBB042ACC51050015FEF2 /* Project object */ = {
			isa = PBXProject;
			attributes = {
				BuildIndependentTargetsInParallel = 1;
				LastSwiftUpdateCheck = 1500;
				LastUpgradeCheck = 1500;
				TargetAttributes = {
					F15DBB0B2ACC51050015FEF2 = {
						CreatedOnToolsVersion = 15.0;
					};
				};
			};
			buildConfigurationList = F15DBB072ACC51050015FEF2 /* Build configuration list for PBXProject "nano4" */;
			compatibilityVersion = "Xcode 14.0";
			developmentRegion = en;
			hasScannedForEncodings = 0;
			knownRegions = (
				en,
				Base,
			);
			mainGroup = F15DBB032ACC51050015FEF2;
			productRefGroup = F15DBB0D2ACC51050015FEF2 /* Products */;
			projectDirPath = "";
			projectRoot = "";
			targets = (
				F15DBB0B2ACC51050015FEF2 /* Pomodorinho */,
			);
		};
/* End PBXProject section */

/* Begin PBXResourcesBuildPhase section */
		F15DBB0A2ACC51050015FEF2 /* Resources */ = {
			isa = PBXResourcesBuildPhase;
			buildActionMask = 2147483647;
			files = (
				F15DBB172ACC51060015FEF2 /* Preview Assets.xcassets in Resources */,
				F15DBB142ACC51060015FEF2 /* Assets.xcassets in Resources */,
			);
			runOnlyForDeploymentPostprocessing = 0;
		};
/* End PBXResourcesBuildPhase section */

/* Begin PBXSourcesBuildPhase section */
		F15DBB082ACC51050015FEF2 /* Sources */ = {
			isa = PBXSourcesBuildPhase;
			buildActionMask = 2147483647;
			files = (
				F15DBB242ACC53630015FEF2 /* WorkModel.swift in Sources */,
				F15DBB122ACC51050015FEF2 /* ContentView.swift in Sources */,
				F15DBB1F2ACC53390015FEF2 /* WorkView.swift in Sources */,
				F15DBB212ACC53430015FEF2 /* RestView.swift in Sources */,
				F18572092ACF937B00A61C2A /* VerTempoWork.swift in Sources */,
				F185720B2ACF971900A61C2A /* VerTempoRest.swift in Sources */,
				F15DBB102ACC51050015FEF2 /* nano4App.swift in Sources */,
				F18572042ACE071A00A61C2A /* RestModel.swift in Sources */,
			);
			runOnlyForDeploymentPostprocessing = 0;
		};
/* End PBXSourcesBuildPhase section */

/* Begin XCBuildConfiguration section */
		F15DBB182ACC51060015FEF2 /* Debug */ = {
			isa = XCBuildConfiguration;
			buildSettings = {
				ALWAYS_SEARCH_USER_PATHS = NO;
				ASSETCATALOG_COMPILER_GENERATE_SWIFT_ASSET_SYMBOL_EXTENSIONS = YES;
				CLANG_ANALYZER_NONNULL = YES;
				CLANG_ANALYZER_NUMBER_OBJECT_CONVERSION = YES_AGGRESSIVE;
				CLANG_CXX_LANGUAGE_STANDARD = "gnu++20";
				CLANG_ENABLE_MODULES = YES;
				CLANG_ENABLE_OBJC_ARC = YES;
				CLANG_ENABLE_OBJC_WEAK = YES;
				CLANG_WARN_BLOCK_CAPTURE_AUTORELEASING = YES;
				CLANG_WARN_BOOL_CONVERSION = YES;
				CLANG_WARN_COMMA = YES;
				CLANG_WARN_CONSTANT_CONVERSION = YES;
				CLANG_WARN_DEPRECATED_OBJC_IMPLEMENTATIONS = YES;
				CLANG_WARN_DIRECT_OBJC_ISA_USAGE = YES_ERROR;
				CLANG_WARN_DOCUMENTATION_COMMENTS = YES;
				CLANG_WARN_EMPTY_BODY = YES;
				CLANG_WARN_ENUM_CONVERSION = YES;
				CLANG_WARN_INFINITE_RECURSION = YES;
				CLANG_WARN_INT_CONVERSION = YES;
				CLANG_WARN_NON_LITERAL_NULL_CONVERSION = YES;
				CLANG_WARN_OBJC_IMPLICIT_RETAIN_SELF = YES;
				CLANG_WARN_OBJC_LITERAL_CONVERSION = YES;
				CLANG_WARN_OBJC_ROOT_CLASS = YES_ERROR;
				CLANG_WARN_QUOTED_INCLUDE_IN_FRAMEWORK_HEADER = YES;
				CLANG_WARN_RANGE_LOOP_ANALYSIS = YES;
				CLANG_WARN_STRICT_PROTOTYPES = YES;
				CLANG_WARN_SUSPICIOUS_MOVE = YES;
				CLANG_WARN_UNGUARDED_AVAILABILITY = YES_AGGRESSIVE;
				CLANG_WARN_UNREACHABLE_CODE = YES;
				CLANG_WARN__DUPLICATE_METHOD_MATCH = YES;
				COPY_PHASE_STRIP = NO;
				DEBUG_INFORMATION_FORMAT = dwarf;
				ENABLE_STRICT_OBJC_MSGSEND = YES;
				ENABLE_TESTABILITY = YES;
				ENABLE_USER_SCRIPT_SANDBOXING = YES;
				GCC_C_LANGUAGE_STANDARD = gnu17;
				GCC_DYNAMIC_NO_PIC = NO;
				GCC_NO_COMMON_BLOCKS = YES;
				GCC_OPTIMIZATION_LEVEL = 0;
				GCC_PREPROCESSOR_DEFINITIONS = (
					"DEBUG=1",
					"$(inherited)",
				);
				GCC_WARN_64_TO_32_BIT_CONVERSION = YES;
				GCC_WARN_ABOUT_RETURN_TYPE = YES_ERROR;
				GCC_WARN_UNDECLARED_SELECTOR = YES;
				GCC_WARN_UNINITIALIZED_AUTOS = YES_AGGRESSIVE;
				GCC_WARN_UNUSED_FUNCTION = YES;
				GCC_WARN_UNUSED_VARIABLE = YES;
				IPHONEOS_DEPLOYMENT_TARGET = 17.0;
				LOCALIZATION_PREFERS_STRING_CATALOGS = YES;
				MTL_ENABLE_DEBUG_INFO = INCLUDE_SOURCE;
				MTL_FAST_MATH = YES;
				ONLY_ACTIVE_ARCH = YES;
				SDKROOT = iphoneos;
				SWIFT_ACTIVE_COMPILATION_CONDITIONS = "DEBUG $(inherited)";
				SWIFT_OPTIMIZATION_LEVEL = "-Onone";
			};
			name = Debug;
		};
		F15DBB192ACC51060015FEF2 /* Release */ = {
			isa = XCBuildConfiguration;
			buildSettings = {
				ALWAYS_SEARCH_USER_PATHS = NO;
				ASSETCATALOG_COMPILER_GENERATE_SWIFT_ASSET_SYMBOL_EXTENSIONS = YES;
				CLANG_ANALYZER_NONNULL = YES;
				CLANG_ANALYZER_NUMBER_OBJECT_CONVERSION = YES_AGGRESSIVE;
				CLANG_CXX_LANGUAGE_STANDARD = "gnu++20";
				CLANG_ENABLE_MODULES = YES;
				CLANG_ENABLE_OBJC_ARC = YES;
				CLANG_ENABLE_OBJC_WEAK = YES;
				CLANG_WARN_BLOCK_CAPTURE_AUTORELEASING = YES;
				CLANG_WARN_BOOL_CONVERSION = YES;
				CLANG_WARN_COMMA = YES;
				CLANG_WARN_CONSTANT_CONVERSION = YES;
				CLANG_WARN_DEPRECATED_OBJC_IMPLEMENTATIONS = YES;
				CLANG_WARN_DIRECT_OBJC_ISA_USAGE = YES_ERROR;
				CLANG_WARN_DOCUMENTATION_COMMENTS = YES;
				CLANG_WARN_EMPTY_BODY = YES;
				CLANG_WARN_ENUM_CONVERSION = YES;
				CLANG_WARN_INFINITE_RECURSION = YES;
				CLANG_WARN_INT_CONVERSION = YES;
				CLANG_WARN_NON_LITERAL_NULL_CONVERSION = YES;
				CLANG_WARN_OBJC_IMPLICIT_RETAIN_SELF = YES;
				CLANG_WARN_OBJC_LITERAL_CONVERSION = YES;
				CLANG_WARN_OBJC_ROOT_CLASS = YES_ERROR;
				CLANG_WARN_QUOTED_INCLUDE_IN_FRAMEWORK_HEADER = YES;
				CLANG_WARN_RANGE_LOOP_ANALYSIS = YES;
				CLANG_WARN_STRICT_PROTOTYPES = YES;
				CLANG_WARN_SUSPICIOUS_MOVE = YES;
				CLANG_WARN_UNGUARDED_AVAILABILITY = YES_AGGRESSIVE;
				CLANG_WARN_UNREACHABLE_CODE = YES;
				CLANG_WARN__DUPLICATE_METHOD_MATCH = YES;
				COPY_PHASE_STRIP = NO;
				DEBUG_INFORMATION_FORMAT = "dwarf-with-dsym";
				ENABLE_NS_ASSERTIONS = NO;
				ENABLE_STRICT_OBJC_MSGSEND = YES;
				ENABLE_USER_SCRIPT_SANDBOXING = YES;
				GCC_C_LANGUAGE_STANDARD = gnu17;
				GCC_NO_COMMON_BLOCKS = YES;
				GCC_WARN_64_TO_32_BIT_CONVERSION = YES;
				GCC_WARN_ABOUT_RETURN_TYPE = YES_ERROR;
				GCC_WARN_UNDECLARED_SELECTOR = YES;
				GCC_WARN_UNINITIALIZED_AUTOS = YES_AGGRESSIVE;
				GCC_WARN_UNUSED_FUNCTION = YES;
				GCC_WARN_UNUSED_VARIABLE = YES;
				IPHONEOS_DEPLOYMENT_TARGET = 17.0;
				LOCALIZATION_PREFERS_STRING_CATALOGS = YES;
				MTL_ENABLE_DEBUG_INFO = NO;
				MTL_FAST_MATH = YES;
				SDKROOT = iphoneos;
				SWIFT_COMPILATION_MODE = wholemodule;
				VALIDATE_PRODUCT = YES;
			};
			name = Release;
		};
		F15DBB1B2ACC51060015FEF2 /* Debug */ = {
			isa = XCBuildConfiguration;
			buildSettings = {
				ASSETCATALOG_COMPILER_APPICON_NAME = AppIcon;
				ASSETCATALOG_COMPILER_GLOBAL_ACCENT_COLOR_NAME = AccentColor;
				CODE_SIGN_STYLE = Automatic;
				CURRENT_PROJECT_VERSION = 1;
				DEVELOPMENT_ASSET_PATHS = "\"nano4/Preview Content\"";
				DEVELOPMENT_TEAM = UZBLYXW5RV;
				ENABLE_PREVIEWS = YES;
				GENERATE_INFOPLIST_FILE = YES;
				INFOPLIST_KEY_UIApplicationSceneManifest_Generation = YES;
				INFOPLIST_KEY_UIApplicationSupportsIndirectInputEvents = YES;
				INFOPLIST_KEY_UILaunchScreen_Generation = YES;
				INFOPLIST_KEY_UISupportedInterfaceOrientations_iPad = "UIInterfaceOrientationPortrait UIInterfaceOrientationPortraitUpsideDown UIInterfaceOrientationLandscapeLeft UIInterfaceOrientationLandscapeRight";
				INFOPLIST_KEY_UISupportedInterfaceOrientations_iPhone = "UIInterfaceOrientationPortrait UIInterfaceOrientationLandscapeLeft UIInterfaceOrientationLandscapeRight";
				IPHONEOS_DEPLOYMENT_TARGET = 16.0;
				LD_RUNPATH_SEARCH_PATHS = (
					"$(inherited)",
					"@executable_path/Frameworks",
				);
				MARKETING_VERSION = 1.0;
				PRODUCT_BUNDLE_IDENTIFIER = natalia.nano4;
				PRODUCT_NAME = "$(TARGET_NAME)";
				SUPPORTED_PLATFORMS = "iphoneos iphonesimulator";
				SUPPORTS_MACCATALYST = NO;
				SUPPORTS_MAC_DESIGNED_FOR_IPHONE_IPAD = NO;
				SWIFT_EMIT_LOC_STRINGS = YES;
				SWIFT_VERSION = 5.0;
				TARGETED_DEVICE_FAMILY = 1;
			};
			name = Debug;
		};
		F15DBB1C2ACC51060015FEF2 /* Release */ = {
			isa = XCBuildConfiguration;
			buildSettings = {
				ASSETCATALOG_COMPILER_APPICON_NAME = AppIcon;
				ASSETCATALOG_COMPILER_GLOBAL_ACCENT_COLOR_NAME = AccentColor;
				CODE_SIGN_STYLE = Automatic;
				CURRENT_PROJECT_VERSION = 1;
				DEVELOPMENT_ASSET_PATHS = "\"nano4/Preview Content\"";
				DEVELOPMENT_TEAM = UZBLYXW5RV;
				ENABLE_PREVIEWS = YES;
				GENERATE_INFOPLIST_FILE = YES;
				INFOPLIST_KEY_UIApplicationSceneManifest_Generation = YES;
				INFOPLIST_KEY_UIApplicationSupportsIndirectInputEvents = YES;
				INFOPLIST_KEY_UILaunchScreen_Generation = YES;
				INFOPLIST_KEY_UISupportedInterfaceOrientations_iPad = "UIInterfaceOrientationPortrait UIInterfaceOrientationPortraitUpsideDown UIInterfaceOrientationLandscapeLeft UIInterfaceOrientationLandscapeRight";
				INFOPLIST_KEY_UISupportedInterfaceOrientations_iPhone = "UIInterfaceOrientationPortrait UIInterfaceOrientationLandscapeLeft UIInterfaceOrientationLandscapeRight";
				IPHONEOS_DEPLOYMENT_TARGET = 16.0;
				LD_RUNPATH_SEARCH_PATHS = (
					"$(inherited)",
					"@executable_path/Frameworks",
				);
				MARKETING_VERSION = 1.0;
				PRODUCT_BUNDLE_IDENTIFIER = natalia.nano4;
				PRODUCT_NAME = "$(TARGET_NAME)";
				SUPPORTED_PLATFORMS = "iphoneos iphonesimulator";
				SUPPORTS_MACCATALYST = NO;
				SUPPORTS_MAC_DESIGNED_FOR_IPHONE_IPAD = NO;
				SWIFT_EMIT_LOC_STRINGS = YES;
				SWIFT_VERSION = 5.0;
				TARGETED_DEVICE_FAMILY = 1;
			};
			name = Release;
		};
/* End XCBuildConfiguration section */

/* Begin XCConfigurationList section */
		F15DBB072ACC51050015FEF2 /* Build configuration list for PBXProject "nano4" */ = {
			isa = XCConfigurationList;
			buildConfigurations = (
				F15DBB182ACC51060015FEF2 /* Debug */,
				F15DBB192ACC51060015FEF2 /* Release */,
			);
			defaultConfigurationIsVisible = 0;
			defaultConfigurationName = Release;
		};
		F15DBB1A2ACC51060015FEF2 /* Build configuration list for PBXNativeTarget "Pomodorinho" */ = {
			isa = XCConfigurationList;
			buildConfigurations = (
				F15DBB1B2ACC51060015FEF2 /* Debug */,
				F15DBB1C2ACC51060015FEF2 /* Release */,
			);
			defaultConfigurationIsVisible = 0;
			defaultConfigurationName = Release;
		};
/* End XCConfigurationList section */
	};
	rootObject = F15DBB042ACC51050015FEF2 /* Project object */;
}
